<?xml version="1.0" encoding="utf-8"?>
<Project ToolsVersion="4.0" xmlns="http://schemas.microsoft.com/developer/msbuild/2003">
  <ItemGroup>
    <ClCompile Include="Source\Log.cpp">
      <Filter>Utils</Filter>
    </ClCompile>
    <ClCompile Include="Source\External\PugiXml\src\pugixml.cpp">
      <Filter>External\PugiXml</Filter>
    </ClCompile>
    <ClCompile Include="Source\EntityManager.cpp">
      <Filter>Game Loop\Entities</Filter>
    </ClCompile>
    <ClCompile Include="Source\PerfTimer.cpp">
      <Filter>Utils\Timers</Filter>
    </ClCompile>
    <ClCompile Include="Source\Timer.cpp">
      <Filter>Utils\Timers</Filter>
    </ClCompile>
    <ClCompile Include="Source\Player.cpp">
      <Filter>Game Loop\Entities</Filter>
    </ClCompile>
    <ClCompile Include="Source\Scene.cpp">
      <Filter>Game Loop\Scenes</Filter>
    </ClCompile>
    <ClCompile Include="Source\App.cpp">
      <Filter>Game Loop</Filter>
    </ClCompile>
    <ClCompile Include="Source\Main.cpp">
      <Filter>Game Loop</Filter>
    </ClCompile>
    <ClCompile Include="Source\Audio.cpp">
      <Filter>Game Loop\Modules</Filter>
    </ClCompile>
    <ClCompile Include="Source\Input.cpp">
      <Filter>Game Loop\Modules</Filter>
    </ClCompile>
    <ClCompile Include="Source\Window.cpp">
      <Filter>Game Loop\Modules</Filter>
    </ClCompile>
    <ClCompile Include="Source\Textures.cpp">
      <Filter>Game Loop\Modules</Filter>
    </ClCompile>
    <ClCompile Include="Source\Render.cpp">
      <Filter>Game Loop\Modules</Filter>
    </ClCompile>
    <ClCompile Include="Source\Physics.cpp">
      <Filter>Game Loop\Modules</Filter>
    </ClCompile>
    <ClCompile Include="Source\Map.cpp">
      <Filter>Game Loop\Modules</Filter>
    </ClCompile>
  </ItemGroup>
  <ItemGroup>
    <ClInclude Include="Source\Defs.h">
      <Filter>Utils</Filter>
    </ClInclude>
    <ClInclude Include="Source\Log.h">
      <Filter>Utils</Filter>
    </ClInclude>
    <ClInclude Include="Source\Point.h">
      <Filter>Utils</Filter>
    </ClInclude>
    <ClInclude Include="Source\SString.h">
      <Filter>Utils</Filter>
    </ClInclude>
    <ClInclude Include="Source\External\PugiXml\src\pugiconfig.hpp">
      <Filter>External\PugiXml</Filter>
    </ClInclude>
    <ClInclude Include="Source\External\PugiXml\src\pugixml.hpp">
      <Filter>External\PugiXml</Filter>
    </ClInclude>
    <ClInclude Include="Source\Entity.h">
      <Filter>Game Loop\Entities</Filter>
    </ClInclude>
    <ClInclude Include="Source\EntityManager.h">
      <Filter>Game Loop\Entities</Filter>
    </ClInclude>
    <ClInclude Include="Source\PerfTimer.h">
      <Filter>Utils\Timers</Filter>
    </ClInclude>
    <ClInclude Include="Source\Timer.h">
      <Filter>Utils\Timers</Filter>
    </ClInclude>
    <ClInclude Include="Source\Player.h">
      <Filter>Game Loop\Entities</Filter>
    </ClInclude>
    <ClInclude Include="Source\Scene.h">
      <Filter>Game Loop\Scenes</Filter>
    </ClInclude>
    <ClInclude Include="Source\App.h">
      <Filter>Game Loop</Filter>
    </ClInclude>
    <ClInclude Include="Source\Audio.h">
      <Filter>Game Loop\Modules</Filter>
    </ClInclude>
    <ClInclude Include="Source\Input.h">
      <Filter>Game Loop\Modules</Filter>
    </ClInclude>
    <ClInclude Include="Source\Module.h">
      <Filter>Game Loop</Filter>
    </ClInclude>
    <ClInclude Include="Source\Camera.h">
      <Filter>Utils</Filter>
    </ClInclude>
    <ClInclude Include="Source\Window.h">
      <Filter>Game Loop\Modules</Filter>
    </ClInclude>
    <ClInclude Include="Source\Textures.h">
      <Filter>Game Loop\Modules</Filter>
    </ClInclude>
    <ClInclude Include="Source\Render.h">
      <Filter>Game Loop\Modules</Filter>
    </ClInclude>
    <ClInclude Include="Source\Physics.h">
      <Filter>Game Loop\Modules</Filter>
    </ClInclude>
    <ClInclude Include="Source\Map.h">
      <Filter>Game Loop\Modules</Filter>
    </ClInclude>
    <ClInclude Include="Source\DynArray.h">
      <Filter>Utils\Data Structures</Filter>
    </ClInclude>
    <ClInclude Include="Source\List.h">
      <Filter>Utils\Data Structures</Filter>
    </ClInclude>
    <ClInclude Include="Source\PQueue.h">
      <Filter>Utils\Data Structures</Filter>
    </ClInclude>
    <ClInclude Include="Source\Queue.h">
      <Filter>Utils\Data Structures</Filter>
    </ClInclude>
  </ItemGroup>
  <ItemGroup>
    <Filter Include="External">
      <UniqueIdentifier>{83a966c7-b4bb-4eff-9c2c-3ff3c7b55a60}</UniqueIdentifier>
    </Filter>
    <Filter Include="Utils">
      <UniqueIdentifier>{2cad778a-d356-48b0-9fee-587f1bbb187e}</UniqueIdentifier>
    </Filter>
    <Filter Include="External\PugiXml">
      <UniqueIdentifier>{2855ff7f-53a1-413d-a75b-18b4ade921dd}</UniqueIdentifier>
    </Filter>
    <Filter Include="Utils\Timers">
      <UniqueIdentifier>{c06a358d-936e-4f57-87d5-f8ac22cfa097}</UniqueIdentifier>
    </Filter>
    <Filter Include="Game Loop">
      <UniqueIdentifier>{6922422e-2ae5-438f-bc32-f3047b8c04ea}</UniqueIdentifier>
    </Filter>
    <Filter Include="Game Loop\Modules">
      <UniqueIdentifier>{ba5db9f2-9f9d-4450-aed6-92aaa88aa499}</UniqueIdentifier>
    </Filter>
    <Filter Include="Game Loop\Scenes">
      <UniqueIdentifier>{bd4dbe81-2368-485f-8cae-16e96cfeb8c1}</UniqueIdentifier>
    </Filter>
    <Filter Include="Utils\Data Structures">
      <UniqueIdentifier>{d094b53d-0334-48f0-bd90-39ccffb08093}</UniqueIdentifier>
    </Filter>
    <Filter Include="Game Loop\Entities">
      <UniqueIdentifier>{58951bfd-8f10-4505-9912-852db075e95a}</UniqueIdentifier>
    </Filter>
  </ItemGroup>
</Project>